
Microsoft Visual Studio Solution File, Format Version 12.00
# Visual Studio Version 16
VisualStudioVersion = 16.0.30804.86
MinimumVisualStudioVersion = 10.0.40219.1
Project("{FAE04EC0-301F-11D3-BF4B-00C04F79EFBC}") = "FileAuditDeskTop", "FileAuditDeskTop\FileAuditDeskTop.csproj", "{AAB038C2-643C-4F1B-8005-0A7B57518D9D}"
EndProject
Project("{FAE04EC0-301F-11D3-BF4B-00C04F79EFBC}") = "Esp", "Esp\Esp.csproj", "{162F22FF-9153-493E-81DC-E52E33F5AE49}"
EndProject
Project("{FAE04EC0-301F-11D3-BF4B-00C04F79EFBC}") = "LibWinApi", "LibWinApi\LibWinApi.csproj", "{8A5D98EA-F434-4F14-988D-B0DB70BFEF9D}"
EndProject
Project("{FAE04EC0-301F-11D3-BF4B-00C04F79EFBC}") = "Test", "Test\Test.csproj", "{2C9B6E4F-C64B-48EE-8B72-6C7A0A0DD8EA}"
EndProject
Global
	GlobalSection(SolutionConfigurationPlatforms) = preSolution
		Debug|Any CPU = Debug|Any CPU
		Release|Any CPU = Release|Any CPU
	EndGlobalSection
	GlobalSection(ProjectConfigurationPlatforms) = postSolution
		{AAB038C2-643C-4F1B-8005-0A7B57518D9D}.Debug|Any CPU.ActiveCfg = Debug|Any CPU
		{AAB038C2-643C-4F1B-8005-0A7B57518D9D}.Debug|Any CPU.Build.0 = Debug|Any CPU
		{AAB038C2-643C-4F1B-8005-0A7B57518D9D}.Release|Any CPU.ActiveCfg = Release|Any CPU
		{AAB038C2-643C-4F1B-8005-0A7B57518D9D}.Release|Any CPU.Build.0 = Release|Any CPU
		{162F22FF-9153-493E-81DC-E52E33F5AE49}.Debug|Any CPU.ActiveCfg = Debug|Any CPU
		{162F22FF-9153-493E-81DC-E52E33F5AE49}.Debug|Any CPU.Build.0 = Debug|Any CPU
		{162F22FF-9153-493E-81DC-E52E33F5AE49}.Release|Any CPU.ActiveCfg = Release|Any CPU
		{162F22FF-9153-493E-81DC-E52E33F5AE49}.Release|Any CPU.Build.0 = Release|Any CPU
		{8A5D98EA-F434-4F14-988D-B0DB70BFEF9D}.Debug|Any CPU.ActiveCfg = Debug|Any CPU
		{8A5D98EA-F434-4F14-988D-B0DB70BFEF9D}.Debug|Any CPU.Build.0 = Debug|Any CPU
		{8A5D98EA-F434-4F14-988D-B0DB70BFEF9D}.Release|Any CPU.ActiveCfg = Release|Any CPU
		{8A5D98EA-F434-4F14-988D-B0DB70BFEF9D}.Release|Any CPU.Build.0 = Release|Any CPU
		{2C9B6E4F-C64B-48EE-8B72-6C7A0A0DD8EA}.Debug|Any CPU.ActiveCfg = Debug|Any CPU
		{2C9B6E4F-C64B-48EE-8B72-6C7A0A0DD8EA}.Debug|Any CPU.Build.0 = Debug|Any CPU
		{2C9B6E4F-C64B-48EE-8B72-6C7A0A0DD8EA}.Release|Any CPU.ActiveCfg = Release|Any CPU
		{2C9B6E4F-C64B-48EE-8B72-6C7A0A0DD8EA}.Release|Any CPU.Build.0 = Release|Any CPU
	EndGlobalSection
	GlobalSection(SolutionProperties) = preSolution
		HideSolutionNode = FALSE
	EndGlobalSection
	GlobalSection(ExtensibilityGlobals) = postSolution
		SolutionGuid = {361E8287-6590-4F74-9559-6DA817038865}
	EndGlobalSection
EndGlobal
